
Microsoft Visual Studio Solution File, Format Version 12.00
# Visual Studio Version 17
VisualStudioVersion = 17.3.32922.545
MinimumVisualStudioVersion = 10.0.40219.1
Project("{FAE04EC0-301F-11D3-BF4B-00C04F79EFBC}") = "Playwright.Specflow.EndToEnd", "Playwright.Specflow.EndToEnd\Playwright.Specflow.EndToEnd.csproj", "{9FDF1E46-8B1B-432F-84E3-2809951757BF}"
EndProject
Global
	GlobalSection(SolutionConfigurationPlatforms) = preSolution
		Debug|Any CPU = Debug|Any CPU
		Release|Any CPU = Release|Any CPU
	EndGlobalSection
	GlobalSection(ProjectConfigurationPlatforms) = postSolution
		{9FDF1E46-8B1B-432F-84E3-2809951757BF}.Debug|Any CPU.ActiveCfg = Debug|Any CPU
		{9FDF1E46-8B1B-432F-84E3-2809951757BF}.Debug|Any CPU.Build.0 = Debug|Any CPU
		{9FDF1E46-8B1B-432F-84E3-2809951757BF}.Release|Any CPU.ActiveCfg = Release|Any CPU
		{9FDF1E46-8B1B-432F-84E3-2809951757BF}.Release|Any CPU.Build.0 = Release|Any CPU
	EndGlobalSection
	GlobalSection(SolutionProperties) = preSolution
		HideSolutionNode = FALSE
	EndGlobalSection
	GlobalSection(ExtensibilityGlobals) = postSolution
		SolutionGuid = {0B7690B1-5314-4210-88FE-5464EAD4BDAD}
	EndGlobalSection
EndGlobal
